
Microsoft Visual Studio Solution File, Format Version 12.00
# Visual Studio Version 16
VisualStudioVersion = 16.0.31911.196
MinimumVisualStudioVersion = 10.0.40219.1
Project("{FAE04EC0-301F-11D3-BF4B-00C04F79EFBC}") = "Modul_2_Task_2", "Modul_2_Task_2\Modul_2_Task_2.csproj", "{8450BABD-08DE-41A4-B4CA-C5C7B0E5BDB4}"
EndProject
Global
	GlobalSection(SolutionConfigurationPlatforms) = preSolution
		Debug|Any CPU = Debug|Any CPU
		Release|Any CPU = Release|Any CPU
	EndGlobalSection
	GlobalSection(ProjectConfigurationPlatforms) = postSolution
		{8450BABD-08DE-41A4-B4CA-C5C7B0E5BDB4}.Debug|Any CPU.ActiveCfg = Debug|Any CPU
		{8450BABD-08DE-41A4-B4CA-C5C7B0E5BDB4}.Debug|Any CPU.Build.0 = Debug|Any CPU
		{8450BABD-08DE-41A4-B4CA-C5C7B0E5BDB4}.Release|Any CPU.ActiveCfg = Release|Any CPU
		{8450BABD-08DE-41A4-B4CA-C5C7B0E5BDB4}.Release|Any CPU.Build.0 = Release|Any CPU
	EndGlobalSection
	GlobalSection(SolutionProperties) = preSolution
		HideSolutionNode = FALSE
	EndGlobalSection
	GlobalSection(ExtensibilityGlobals) = postSolution
		SolutionGuid = {DA090803-EAB3-4D55-92B5-BBAB98E304E5}
	EndGlobalSection
EndGlobal
